{
  "version": "2",
  "remote": {},
  "npm": {
    "specifiers": { "fast-xml-parser@^4.0.11": "fast-xml-parser@4.0.11" },
    "packages": {
      "fast-xml-parser@4.0.11": {
        "integrity": "sha512-4aUg3aNRR/WjQAcpceODG1C3x3lFANXRo8+1biqfieHmg9pyMt7qB4lQV/Ta6sJCTbA5vfD8fnA8S54JATiFUA==",
        "dependencies": { "strnum": "strnum@1.0.5" }
      },
      "strnum@1.0.5": {
        "integrity": "sha512-J8bbNyKKXl5qYcR36TIO8W3mVGVHrmmxsd5PAItGkmyzwJvybiw2IVq5nqd0i4LSNSkB/sx9VHllbfFdr9k1JA==",
        "dependencies": {}
      }
    }
  }
}
